
Microsoft Visual Studio Solution File, Format Version 12.00
# Visual Studio Version 17
VisualStudioVersion = 17.11.35312.102
MinimumVisualStudioVersion = 10.0.40219.1
Project("{9A19103F-16F7-4668-BE54-9A1E7A4F7556}") = "SellingMobileApp.Web", "SellingMobileApp.Web\SellingMobileApp.Web.csproj", "{9DCC3ED1-23CC-44CC-AC9C-3B84363CAA88}"
EndProject
Project("{2150E333-8FDC-42A3-9474-1A3956D46DE8}") = "Web", "Web", "{5021470B-DB1F-4E90-BFD4-476B0BBD3010}"
EndProject
Project("{2150E333-8FDC-42A3-9474-1A3956D46DE8}") = "Data", "Data", "{4FC929D0-418C-4B7A-AA8B-1488EA6EA4EE}"
EndProject
Project("{9A19103F-16F7-4668-BE54-9A1E7A4F7556}") = "SellingMobileApp.Data", "SellingMobileApp.Data\SellingMobileApp.Data.csproj", "{5725B7CA-E6FA-4E2F-B63D-8428398C305A}"
EndProject
Project("{9A19103F-16F7-4668-BE54-9A1E7A4F7556}") = "SellingMobileApp.Data.Models", "SellingMobileApp.Data.Models\SellingMobileApp.Data.Models.csproj", "{9F6288A3-8F3B-4E7D-B349-94BFD400FD51}"
EndProject
Project("{9A19103F-16F7-4668-BE54-9A1E7A4F7556}") = "SellingMobileApp.Common", "SellingMobileApp.Common\SellingMobileApp.Common.csproj", "{52BF5752-4ADB-4F9A-A321-7BFFF747A35D}"
EndProject
Project("{9A19103F-16F7-4668-BE54-9A1E7A4F7556}") = "MobilleApp.Tests", "MobilleApp.Tests\MobilleApp.Tests.csproj", "{928E9995-17FD-4E97-B4B0-97384F3137A1}"
EndProject
Global
	GlobalSection(SolutionConfigurationPlatforms) = preSolution
		Debug|Any CPU = Debug|Any CPU
		Release|Any CPU = Release|Any CPU
	EndGlobalSection
	GlobalSection(ProjectConfigurationPlatforms) = postSolution
		{9DCC3ED1-23CC-44CC-AC9C-3B84363CAA88}.Debug|Any CPU.ActiveCfg = Debug|Any CPU
		{9DCC3ED1-23CC-44CC-AC9C-3B84363CAA88}.Debug|Any CPU.Build.0 = Debug|Any CPU
		{9DCC3ED1-23CC-44CC-AC9C-3B84363CAA88}.Release|Any CPU.ActiveCfg = Release|Any CPU
		{9DCC3ED1-23CC-44CC-AC9C-3B84363CAA88}.Release|Any CPU.Build.0 = Release|Any CPU
		{5725B7CA-E6FA-4E2F-B63D-8428398C305A}.Debug|Any CPU.ActiveCfg = Debug|Any CPU
		{5725B7CA-E6FA-4E2F-B63D-8428398C305A}.Debug|Any CPU.Build.0 = Debug|Any CPU
		{5725B7CA-E6FA-4E2F-B63D-8428398C305A}.Release|Any CPU.ActiveCfg = Release|Any CPU
		{5725B7CA-E6FA-4E2F-B63D-8428398C305A}.Release|Any CPU.Build.0 = Release|Any CPU
		{9F6288A3-8F3B-4E7D-B349-94BFD400FD51}.Debug|Any CPU.ActiveCfg = Debug|Any CPU
		{9F6288A3-8F3B-4E7D-B349-94BFD400FD51}.Debug|Any CPU.Build.0 = Debug|Any CPU
		{9F6288A3-8F3B-4E7D-B349-94BFD400FD51}.Release|Any CPU.ActiveCfg = Release|Any CPU
		{9F6288A3-8F3B-4E7D-B349-94BFD400FD51}.Release|Any CPU.Build.0 = Release|Any CPU
		{52BF5752-4ADB-4F9A-A321-7BFFF747A35D}.Debug|Any CPU.ActiveCfg = Debug|Any CPU
		{52BF5752-4ADB-4F9A-A321-7BFFF747A35D}.Debug|Any CPU.Build.0 = Debug|Any CPU
		{52BF5752-4ADB-4F9A-A321-7BFFF747A35D}.Release|Any CPU.ActiveCfg = Release|Any CPU
		{52BF5752-4ADB-4F9A-A321-7BFFF747A35D}.Release|Any CPU.Build.0 = Release|Any CPU
		{928E9995-17FD-4E97-B4B0-97384F3137A1}.Debug|Any CPU.ActiveCfg = Debug|Any CPU
		{928E9995-17FD-4E97-B4B0-97384F3137A1}.Debug|Any CPU.Build.0 = Debug|Any CPU
		{928E9995-17FD-4E97-B4B0-97384F3137A1}.Release|Any CPU.ActiveCfg = Release|Any CPU
		{928E9995-17FD-4E97-B4B0-97384F3137A1}.Release|Any CPU.Build.0 = Release|Any CPU
	EndGlobalSection
	GlobalSection(SolutionProperties) = preSolution
		HideSolutionNode = FALSE
	EndGlobalSection
	GlobalSection(NestedProjects) = preSolution
		{9DCC3ED1-23CC-44CC-AC9C-3B84363CAA88} = {5021470B-DB1F-4E90-BFD4-476B0BBD3010}
		{5725B7CA-E6FA-4E2F-B63D-8428398C305A} = {4FC929D0-418C-4B7A-AA8B-1488EA6EA4EE}
		{9F6288A3-8F3B-4E7D-B349-94BFD400FD51} = {4FC929D0-418C-4B7A-AA8B-1488EA6EA4EE}
		{52BF5752-4ADB-4F9A-A321-7BFFF747A35D} = {4FC929D0-418C-4B7A-AA8B-1488EA6EA4EE}
	EndGlobalSection
	GlobalSection(ExtensibilityGlobals) = postSolution
		SolutionGuid = {727069D8-5A0D-4334-BADD-22382801F8A7}
	EndGlobalSection
EndGlobal
